// !$*UTF8*$!
{
	archiveVersion = 1;
	classes = {
	};
	objectVersion = 46;
	objects = {

/* Begin PBXBuildFile section */
		A6171A611BE8A9530044F5A9 /* ChessView.m in Sources */ = {isa = PBXBuildFile; fileRef = A6171A601BE8A9530044F5A9 /* ChessView.m */; };
		A6550B3F1BF3435E00CBA761 /* RollingBall.m in Sources */ = {isa = PBXBuildFile; fileRef = A6550B3E1BF3435E00CBA761 /* RollingBall.m */; };
		A6550B411BF34E6200CBA761 /* ball.png in Resources */ = {isa = PBXBuildFile; fileRef = A6550B401BF34E6200CBA761 /* ball.png */; };
		A659F0761BF1FD24008FA75B /* DemoColor.m in Sources */ = {isa = PBXBuildFile; fileRef = A659F0751BF1FD24008FA75B /* DemoColor.m */; };
		A659F07C1BF1FF7F008FA75B /* UIColor+HexColor.m in Sources */ = {isa = PBXBuildFile; fileRef = A659F07B1BF1FF7F008FA75B /* UIColor+HexColor.m */; };
		A661B2A21BEC5B2900D38C2A /* flyUpAndDown.m in Sources */ = {isa = PBXBuildFile; fileRef = A661B2A11BEC5B2900D38C2A /* flyUpAndDown.m */; };
		A661B2AD1BEC6AF100D38C2A /* bird0.png in Resources */ = {isa = PBXBuildFile; fileRef = A661B2A61BEC6AF100D38C2A /* bird0.png */; };
		A661B2AE1BEC6AF100D38C2A /* bird1.png in Resources */ = {isa = PBXBuildFile; fileRef = A661B2A71BEC6AF100D38C2A /* bird1.png */; };
		A661B2AF1BEC6AF100D38C2A /* bird2.png in Resources */ = {isa = PBXBuildFile; fileRef = A661B2A81BEC6AF100D38C2A /* bird2.png */; };
		A661B2B01BEC6AF100D38C2A /* bird3.png in Resources */ = {isa = PBXBuildFile; fileRef = A661B2A91BEC6AF100D38C2A /* bird3.png */; };
		A661B2B11BEC6AF100D38C2A /* bird4.png in Resources */ = {isa = PBXBuildFile; fileRef = A661B2AA1BEC6AF100D38C2A /* bird4.png */; };
		A661B2B21BEC6AF100D38C2A /* bird5.png in Resources */ = {isa = PBXBuildFile; fileRef = A661B2AB1BEC6AF100D38C2A /* bird5.png */; };
		A661B2B31BEC6AF100D38C2A /* jungle.jpg in Resources */ = {isa = PBXBuildFile; fileRef = A661B2AC1BEC6AF100D38C2A /* jungle.jpg */; };
		A66379C51BD8D16F009E1BDC /* CvsObjCFunction.m in Sources */ = {isa = PBXBuildFile; fileRef = A66379C41BD8D16F009E1BDC /* CvsObjCFunction.m */; };
		A66379C81BD8D37C009E1BDC /* util.c in Sources */ = {isa = PBXBuildFile; fileRef = A66379C61BD8D37C009E1BDC /* util.c */; };
		A66379CB1BD8D83C009E1BDC /* UntilObject.m in Sources */ = {isa = PBXBuildFile; fileRef = A66379CA1BD8D83C009E1BDC /* UntilObject.m */; };
		A673EC381BF04432008C6676 /* SeeAndShip.m in Sources */ = {isa = PBXBuildFile; fileRef = A673EC371BF04432008C6676 /* SeeAndShip.m */; };
		A673EC441BF04A66008C6676 /* ocean1.png in Resources */ = {isa = PBXBuildFile; fileRef = A673EC421BF04A66008C6676 /* ocean1.png */; };
		A673EC451BF04A66008C6676 /* ocean2.png in Resources */ = {isa = PBXBuildFile; fileRef = A673EC431BF04A66008C6676 /* ocean2.png */; };
		A673EC4B1BF04E0A008C6676 /* ship1.png in Resources */ = {isa = PBXBuildFile; fileRef = A673EC4A1BF04E0A008C6676 /* ship1.png */; };
		A673EC4D1BF056BD008C6676 /* AVFoundation.framework in Frameworks */ = {isa = PBXBuildFile; fileRef = A673EC4C1BF056BD008C6676 /* AVFoundation.framework */; };
		A67C78B11BF48D0100CA18F2 /* Galaxy.m in Sources */ = {isa = PBXBuildFile; fileRef = A67C78B01BF48D0100CA18F2 /* Galaxy.m */; };
		A67C78B71BF48D3600CA18F2 /* galaxy.png in Resources */ = {isa = PBXBuildFile; fileRef = A67C78B31BF48D3600CA18F2 /* galaxy.png */; };
		A67C78B91BF48D3600CA18F2 /* Sun.png in Resources */ = {isa = PBXBuildFile; fileRef = A67C78B51BF48D3600CA18F2 /* Sun.png */; };
		A67C78BC1BF4975D00CA18F2 /* earth.png in Resources */ = {isa = PBXBuildFile; fileRef = A67C78BA1BF4975D00CA18F2 /* earth.png */; };
		A67C78BD1BF4975D00CA18F2 /* moon.png in Resources */ = {isa = PBXBuildFile; fileRef = A67C78BB1BF4975D00CA18F2 /* moon.png */; };
		A68C7AA11BEA05BF00E1C399 /* DemoUIImageView.m in Sources */ = {isa = PBXBuildFile; fileRef = A68C7AA01BEA05BF00E1C399 /* DemoUIImageView.m */; };
		A68C7AB31BEA124A00E1C399 /* campfire01.png in Resources */ = {isa = PBXBuildFile; fileRef = A68C7AA31BEA124A00E1C399 /* campfire01.png */; };
		A68C7AB41BEA124A00E1C399 /* campfire02.png in Resources */ = {isa = PBXBuildFile; fileRef = A68C7AA41BEA124A00E1C399 /* campfire02.png */; };
		A68C7AB51BEA124A00E1C399 /* campfire03.png in Resources */ = {isa = PBXBuildFile; fileRef = A68C7AA51BEA124A00E1C399 /* campfire03.png */; };
		A68C7AB61BEA124A00E1C399 /* campfire04.png in Resources */ = {isa = PBXBuildFile; fileRef = A68C7AA61BEA124A00E1C399 /* campfire04.png */; };
		A68C7AB71BEA124A00E1C399 /* campfire05.png in Resources */ = {isa = PBXBuildFile; fileRef = A68C7AA71BEA124A00E1C399 /* campfire05.png */; };
		A68C7AB81BEA124A00E1C399 /* campfire06.png in Resources */ = {isa = PBXBuildFile; fileRef = A68C7AA81BEA124A00E1C399 /* campfire06.png */; };
		A68C7AB91BEA124A00E1C399 /* campfire07.png in Resources */ = {isa = PBXBuildFile; fileRef = A68C7AA91BEA124A00E1C399 /* campfire07.png */; };
		A68C7ABA1BEA124A00E1C399 /* campfire08.png in Resources */ = {isa = PBXBuildFile; fileRef = A68C7AAA1BEA124A00E1C399 /* campfire08.png */; };
		A68C7ABB1BEA124A00E1C399 /* campfire09.png in Resources */ = {isa = PBXBuildFile; fileRef = A68C7AAB1BEA124A00E1C399 /* campfire09.png */; };
		A68C7ABC1BEA124A00E1C399 /* campfire10.png in Resources */ = {isa = PBXBuildFile; fileRef = A68C7AAC1BEA124A00E1C399 /* campfire10.png */; };
		A68C7ABD1BEA124A00E1C399 /* campfire11.png in Resources */ = {isa = PBXBuildFile; fileRef = A68C7AAD1BEA124A00E1C399 /* campfire11.png */; };
		A68C7ABE1BEA124A00E1C399 /* campfire12.png in Resources */ = {isa = PBXBuildFile; fileRef = A68C7AAE1BEA124A00E1C399 /* campfire12.png */; };
		A68C7ABF1BEA124A00E1C399 /* campfire13.png in Resources */ = {isa = PBXBuildFile; fileRef = A68C7AAF1BEA124A00E1C399 /* campfire13.png */; };
		A68C7AC01BEA124A00E1C399 /* campfire14.png in Resources */ = {isa = PBXBuildFile; fileRef = A68C7AB01BEA124A00E1C399 /* campfire14.png */; };
		A68C7AC11BEA124A00E1C399 /* campfire15.png in Resources */ = {isa = PBXBuildFile; fileRef = A68C7AB11BEA124A00E1C399 /* campfire15.png */; };
		A68C7AC21BEA124A00E1C399 /* campfire16.png in Resources */ = {isa = PBXBuildFile; fileRef = A68C7AB21BEA124A00E1C399 /* campfire16.png */; };
		A6925E6D1BF58AC40078D9E9 /* dropBall.m in Sources */ = {isa = PBXBuildFile; fileRef = A6925E6C1BF58AC40078D9E9 /* dropBall.m */; };
		A6A3CAB61BE86FCA007C5BD6 /* SwiftToObjC.m in Sources */ = {isa = PBXBuildFile; fileRef = A6A3CAB41BE86FCA007C5BD6 /* SwiftToObjC.m */; };
		A6A3CAB91BE87024007C5BD6 /* SwiftToObjC.xib in Resources */ = {isa = PBXBuildFile; fileRef = A6A3CAB81BE87024007C5BD6 /* SwiftToObjC.xib */; };
		A6B1B4771BFD7D8000B82CE3 /* DemoUIScrollView.m in Sources */ = {isa = PBXBuildFile; fileRef = A6B1B4761BFD7D8000B82CE3 /* DemoUIScrollView.m */; settings = {ASSET_TAGS = (); }; };
		A6B1B4791BFD80DA00B82CE3 /* millennium_puzzle.png in Resources */ = {isa = PBXBuildFile; fileRef = A6B1B4781BFD80DA00B82CE3 /* millennium_puzzle.png */; settings = {ASSET_TAGS = (); }; };
		A6B264F01BD49FBB00FC4D08 /* main.m in Sources */ = {isa = PBXBuildFile; fileRef = A6B264EF1BD49FBB00FC4D08 /* main.m */; };
		A6B264FB1BD49FBB00FC4D08 /* Images.xcassets in Resources */ = {isa = PBXBuildFile; fileRef = A6B264FA1BD49FBB00FC4D08 /* Images.xcassets */; };
		A6B264FE1BD49FBB00FC4D08 /* LaunchScreen.xib in Resources */ = {isa = PBXBuildFile; fileRef = A6B264FC1BD49FBB00FC4D08 /* LaunchScreen.xib */; };
		A6B2651C1BD4A17D00FC4D08 /* AppDelegate.m in Sources */ = {isa = PBXBuildFile; fileRef = A6B265151BD4A17D00FC4D08 /* AppDelegate.m */; };
		A6B2651D1BD4A17D00FC4D08 /* BootLogic.m in Sources */ = {isa = PBXBuildFile; fileRef = A6B265171BD4A17D00FC4D08 /* BootLogic.m */; };
		A6B2651E1BD4A17D00FC4D08 /* ConsoleScreen.m in Sources */ = {isa = PBXBuildFile; fileRef = A6B265191BD4A17D00FC4D08 /* ConsoleScreen.m */; };
		A6B2651F1BD4A17D00FC4D08 /* MainScreen.m in Sources */ = {isa = PBXBuildFile; fileRef = A6B2651B1BD4A17D00FC4D08 /* MainScreen.m */; };
		A6CA88DA1BD87E6C009B36D6 /* DemoFunction.m in Sources */ = {isa = PBXBuildFile; fileRef = A6CA88D91BD87E6C009B36D6 /* DemoFunction.m */; };
		A6CA88E31BD89763009B36D6 /* DemoSelector.m in Sources */ = {isa = PBXBuildFile; fileRef = A6CA88E11BD89763009B36D6 /* DemoSelector.m */; };
		A6CA88E41BD89763009B36D6 /* DemoSelector.xib in Resources */ = {isa = PBXBuildFile; fileRef = A6CA88E21BD89763009B36D6 /* DemoSelector.xib */; };
		A6DA99781BF089300006B5A5 /* Stars.m in Sources */ = {isa = PBXBuildFile; fileRef = A6DA99771BF089300006B5A5 /* Stars.m */; };
		A6DA997E1BF08BB20006B5A5 /* brown.png in Resources */ = {isa = PBXBuildFile; fileRef = A6DA997A1BF08BB20006B5A5 /* brown.png */; };
		A6DA997F1BF08BB20006B5A5 /* green.png in Resources */ = {isa = PBXBuildFile; fileRef = A6DA997B1BF08BB20006B5A5 /* green.png */; };
		A6DA99801BF08BB20006B5A5 /* red.png in Resources */ = {isa = PBXBuildFile; fileRef = A6DA997C1BF08BB20006B5A5 /* red.png */; };
		A6DA99811BF08BB20006B5A5 /* violet.png in Resources */ = {isa = PBXBuildFile; fileRef = A6DA997D1BF08BB20006B5A5 /* violet.png */; };
		A6DA99831BF0A2F10006B5A5 /* Kiss The Rain.mp3 in Resources */ = {isa = PBXBuildFile; fileRef = A6DA99821BF0A2F10006B5A5 /* Kiss The Rain.mp3 */; };
		A6EC87441BF2ED18006CB78D /* Color.m in Sources */ = {isa = PBXBuildFile; fileRef = A6EC87431BF2ED18006CB78D /* Color.m */; };
		A6EC874A1BF304EE006CB78D /* DemoColor2.m in Sources */ = {isa = PBXBuildFile; fileRef = A6EC87491BF304EE006CB78D /* DemoColor2.m */; };
		A6F1FA4C1BEB3C8800ECE69A /* nestedSquares.m in Sources */ = {isa = PBXBuildFile; fileRef = A6F1FA4B1BEB3C8800ECE69A /* nestedSquares.m */; };
/* End PBXBuildFile section */

/* Begin PBXFileReference section */
		A6171A5F1BE8A9530044F5A9 /* ChessView.h */ = {isa = PBXFileReference; fileEncoding = 4; lastKnownFileType = sourcecode.c.h; path = ChessView.h; sourceTree = "<group>"; };
		A6171A601BE8A9530044F5A9 /* ChessView.m */ = {isa = PBXFileReference; fileEncoding = 4; lastKnownFileType = sourcecode.c.objc; path = ChessView.m; sourceTree = "<group>"; };
		A6550B3D1BF3435E00CBA761 /* RollingBall.h */ = {isa = PBXFileReference; fileEncoding = 4; lastKnownFileType = sourcecode.c.h; path = RollingBall.h; sourceTree = "<group>"; };
		A6550B3E1BF3435E00CBA761 /* RollingBall.m */ = {isa = PBXFileReference; fileEncoding = 4; lastKnownFileType = sourcecode.c.objc; path = RollingBall.m; sourceTree = "<group>"; };
		A6550B401BF34E6200CBA761 /* ball.png */ = {isa = PBXFileReference; lastKnownFileType = image.png; path = ball.png; sourceTree = "<group>"; };
		A659F0741BF1FD24008FA75B /* DemoColor.h */ = {isa = PBXFileReference; fileEncoding = 4; lastKnownFileType = sourcecode.c.h; path = DemoColor.h; sourceTree = "<group>"; };
		A659F0751BF1FD24008FA75B /* DemoColor.m */ = {isa = PBXFileReference; fileEncoding = 4; lastKnownFileType = sourcecode.c.objc; path = DemoColor.m; sourceTree = "<group>"; };
		A659F07A1BF1FF7F008FA75B /* UIColor+HexColor.h */ = {isa = PBXFileReference; fileEncoding = 4; lastKnownFileType = sourcecode.c.h; path = "UIColor+HexColor.h"; sourceTree = "<group>"; };
		A659F07B1BF1FF7F008FA75B /* UIColor+HexColor.m */ = {isa = PBXFileReference; fileEncoding = 4; lastKnownFileType = sourcecode.c.objc; path = "UIColor+HexColor.m"; sourceTree = "<group>"; };
		A661B2A01BEC5B2900D38C2A /* flyUpAndDown.h */ = {isa = PBXFileReference; fileEncoding = 4; lastKnownFileType = sourcecode.c.h; path = flyUpAndDown.h; sourceTree = "<group>"; };
		A661B2A11BEC5B2900D38C2A /* flyUpAndDown.m */ = {isa = PBXFileReference; fileEncoding = 4; lastKnownFileType = sourcecode.c.objc; path = flyUpAndDown.m; sourceTree = "<group>"; };
		A661B2A61BEC6AF100D38C2A /* bird0.png */ = {isa = PBXFileReference; lastKnownFileType = image.png; path = bird0.png; sourceTree = "<group>"; };
		A661B2A71BEC6AF100D38C2A /* bird1.png */ = {isa = PBXFileReference; lastKnownFileType = image.png; path = bird1.png; sourceTree = "<group>"; };
		A661B2A81BEC6AF100D38C2A /* bird2.png */ = {isa = PBXFileReference; lastKnownFileType = image.png; path = bird2.png; sourceTree = "<group>"; };
		A661B2A91BEC6AF100D38C2A /* bird3.png */ = {isa = PBXFileReference; lastKnownFileType = image.png; path = bird3.png; sourceTree = "<group>"; };
		A661B2AA1BEC6AF100D38C2A /* bird4.png */ = {isa = PBXFileReference; lastKnownFileType = image.png; path = bird4.png; sourceTree = "<group>"; };
		A661B2AB1BEC6AF100D38C2A /* bird5.png */ = {isa = PBXFileReference; lastKnownFileType = image.png; path = bird5.png; sourceTree = "<group>"; };
		A661B2AC1BEC6AF100D38C2A /* jungle.jpg */ = {isa = PBXFileReference; lastKnownFileType = image.jpeg; path = jungle.jpg; sourceTree = "<group>"; };
		A66379C31BD8D16F009E1BDC /* CvsObjCFunction.h */ = {isa = PBXFileReference; fileEncoding = 4; lastKnownFileType = sourcecode.c.h; path = CvsObjCFunction.h; sourceTree = "<group>"; };
		A66379C41BD8D16F009E1BDC /* CvsObjCFunction.m */ = {isa = PBXFileReference; fileEncoding = 4; lastKnownFileType = sourcecode.c.objc; path = CvsObjCFunction.m; sourceTree = "<group>"; };
		A66379C61BD8D37C009E1BDC /* util.c */ = {isa = PBXFileReference; fileEncoding = 4; lastKnownFileType = sourcecode.c.c; path = util.c; sourceTree = "<group>"; };
		A66379C71BD8D37C009E1BDC /* util.h */ = {isa = PBXFileReference; fileEncoding = 4; lastKnownFileType = sourcecode.c.h; path = util.h; sourceTree = "<group>"; };
		A66379C91BD8D83C009E1BDC /* UntilObject.h */ = {isa = PBXFileReference; fileEncoding = 4; lastKnownFileType = sourcecode.c.h; path = UntilObject.h; sourceTree = "<group>"; };
		A66379CA1BD8D83C009E1BDC /* UntilObject.m */ = {isa = PBXFileReference; fileEncoding = 4; lastKnownFileType = sourcecode.c.objc; path = UntilObject.m; sourceTree = "<group>"; };
		A673EC361BF04432008C6676 /* SeeAndShip.h */ = {isa = PBXFileReference; fileEncoding = 4; lastKnownFileType = sourcecode.c.h; path = SeeAndShip.h; sourceTree = "<group>"; };
		A673EC371BF04432008C6676 /* SeeAndShip.m */ = {isa = PBXFileReference; fileEncoding = 4; lastKnownFileType = sourcecode.c.objc; path = SeeAndShip.m; sourceTree = "<group>"; };
		A673EC421BF04A66008C6676 /* ocean1.png */ = {isa = PBXFileReference; lastKnownFileType = image.png; path = ocean1.png; sourceTree = "<group>"; };
		A673EC431BF04A66008C6676 /* ocean2.png */ = {isa = PBXFileReference; lastKnownFileType = image.png; path = ocean2.png; sourceTree = "<group>"; };
		A673EC4A1BF04E0A008C6676 /* ship1.png */ = {isa = PBXFileReference; lastKnownFileType = image.png; path = ship1.png; sourceTree = "<group>"; };
		A673EC4C1BF056BD008C6676 /* AVFoundation.framework */ = {isa = PBXFileReference; lastKnownFileType = wrapper.framework; name = AVFoundation.framework; path = System/Library/Frameworks/AVFoundation.framework; sourceTree = SDKROOT; };
		A67C78AF1BF48D0100CA18F2 /* Galaxy.h */ = {isa = PBXFileReference; fileEncoding = 4; lastKnownFileType = sourcecode.c.h; path = Galaxy.h; sourceTree = "<group>"; };
		A67C78B01BF48D0100CA18F2 /* Galaxy.m */ = {isa = PBXFileReference; fileEncoding = 4; lastKnownFileType = sourcecode.c.objc; path = Galaxy.m; sourceTree = "<group>"; };
		A67C78B31BF48D3600CA18F2 /* galaxy.png */ = {isa = PBXFileReference; lastKnownFileType = image.png; path = galaxy.png; sourceTree = "<group>"; };
		A67C78B51BF48D3600CA18F2 /* Sun.png */ = {isa = PBXFileReference; lastKnownFileType = image.png; path = Sun.png; sourceTree = "<group>"; };
		A67C78BA1BF4975D00CA18F2 /* earth.png */ = {isa = PBXFileReference; lastKnownFileType = image.png; path = earth.png; sourceTree = "<group>"; };
		A67C78BB1BF4975D00CA18F2 /* moon.png */ = {isa = PBXFileReference; lastKnownFileType = image.png; path = moon.png; sourceTree = "<group>"; };
		A68C7A9F1BEA05BF00E1C399 /* DemoUIImageView.h */ = {isa = PBXFileReference; fileEncoding = 4; lastKnownFileType = sourcecode.c.h; path = DemoUIImageView.h; sourceTree = "<group>"; };
		A68C7AA01BEA05BF00E1C399 /* DemoUIImageView.m */ = {isa = PBXFileReference; fileEncoding = 4; lastKnownFileType = sourcecode.c.objc; path = DemoUIImageView.m; sourceTree = "<group>"; };
		A68C7AA31BEA124A00E1C399 /* campfire01.png */ = {isa = PBXFileReference; lastKnownFileType = image.png; path = campfire01.png; sourceTree = "<group>"; };
		A68C7AA41BEA124A00E1C399 /* campfire02.png */ = {isa = PBXFileReference; lastKnownFileType = image.png; path = campfire02.png; sourceTree = "<group>"; };
		A68C7AA51BEA124A00E1C399 /* campfire03.png */ = {isa = PBXFileReference; lastKnownFileType = image.png; path = campfire03.png; sourceTree = "<group>"; };
		A68C7AA61BEA124A00E1C399 /* campfire04.png */ = {isa = PBXFileReference; lastKnownFileType = image.png; path = campfire04.png; sourceTree = "<group>"; };
		A68C7AA71BEA124A00E1C399 /* campfire05.png */ = {isa = PBXFileReference; lastKnownFileType = image.png; path = campfire05.png; sourceTree = "<group>"; };
		A68C7AA81BEA124A00E1C399 /* campfire06.png */ = {isa = PBXFileReference; lastKnownFileType = image.png; path = campfire06.png; sourceTree = "<group>"; };
		A68C7AA91BEA124A00E1C399 /* campfire07.png */ = {isa = PBXFileReference; lastKnownFileType = image.png; path = campfire07.png; sourceTree = "<group>"; };
		A68C7AAA1BEA124A00E1C399 /* campfire08.png */ = {isa = PBXFileReference; lastKnownFileType = image.png; path = campfire08.png; sourceTree = "<group>"; };
		A68C7AAB1BEA124A00E1C399 /* campfire09.png */ = {isa = PBXFileReference; lastKnownFileType = image.png; path = campfire09.png; sourceTree = "<group>"; };
		A68C7AAC1BEA124A00E1C399 /* campfire10.png */ = {isa = PBXFileReference; lastKnownFileType = image.png; path = campfire10.png; sourceTree = "<group>"; };
		A68C7AAD1BEA124A00E1C399 /* campfire11.png */ = {isa = PBXFileReference; lastKnownFileType = image.png; path = campfire11.png; sourceTree = "<group>"; };
		A68C7AAE1BEA124A00E1C399 /* campfire12.png */ = {isa = PBXFileReference; lastKnownFileType = image.png; path = campfire12.png; sourceTree = "<group>"; };
		A68C7AAF1BEA124A00E1C399 /* campfire13.png */ = {isa = PBXFileReference; lastKnownFileType = image.png; path = campfire13.png; sourceTree = "<group>"; };
		A68C7AB01BEA124A00E1C399 /* campfire14.png */ = {isa = PBXFileReference; lastKnownFileType = image.png; path = campfire14.png; sourceTree = "<group>"; };
		A68C7AB11BEA124A00E1C399 /* campfire15.png */ = {isa = PBXFileReference; lastKnownFileType = image.png; path = campfire15.png; sourceTree = "<group>"; };
		A68C7AB21BEA124A00E1C399 /* campfire16.png */ = {isa = PBXFileReference; lastKnownFileType = image.png; path = campfire16.png; sourceTree = "<group>"; };
		A6925E6B1BF58AC40078D9E9 /* dropBall.h */ = {isa = PBXFileReference; fileEncoding = 4; lastKnownFileType = sourcecode.c.h; path = dropBall.h; sourceTree = "<group>"; };
		A6925E6C1BF58AC40078D9E9 /* dropBall.m */ = {isa = PBXFileReference; fileEncoding = 4; lastKnownFileType = sourcecode.c.objc; path = dropBall.m; sourceTree = "<group>"; };
		A6A3CAB31BE86FCA007C5BD6 /* SwiftToObjC.h */ = {isa = PBXFileReference; fileEncoding = 4; lastKnownFileType = sourcecode.c.h; path = SwiftToObjC.h; sourceTree = "<group>"; };
		A6A3CAB41BE86FCA007C5BD6 /* SwiftToObjC.m */ = {isa = PBXFileReference; fileEncoding = 4; lastKnownFileType = sourcecode.c.objc; path = SwiftToObjC.m; sourceTree = "<group>"; };
		A6A3CAB81BE87024007C5BD6 /* SwiftToObjC.xib */ = {isa = PBXFileReference; fileEncoding = 4; lastKnownFileType = file.xib; path = SwiftToObjC.xib; sourceTree = "<group>"; };
		A6B1B4751BFD7D8000B82CE3 /* DemoUIScrollView.h */ = {isa = PBXFileReference; fileEncoding = 4; lastKnownFileType = sourcecode.c.h; path = DemoUIScrollView.h; sourceTree = "<group>"; };
		A6B1B4761BFD7D8000B82CE3 /* DemoUIScrollView.m */ = {isa = PBXFileReference; fileEncoding = 4; lastKnownFileType = sourcecode.c.objc; path = DemoUIScrollView.m; sourceTree = "<group>"; };
		A6B1B4781BFD80DA00B82CE3 /* millennium_puzzle.png */ = {isa = PBXFileReference; lastKnownFileType = image.png; path = millennium_puzzle.png; sourceTree = "<group>"; };
		A6B264EA1BD49FBB00FC4D08 /* ObjCExamples.app */ = {isa = PBXFileReference; explicitFileType = wrapper.application; includeInIndex = 0; path = ObjCExamples.app; sourceTree = BUILT_PRODUCTS_DIR; };
		A6B264EE1BD49FBB00FC4D08 /* Info.plist */ = {isa = PBXFileReference; lastKnownFileType = text.plist.xml; path = Info.plist; sourceTree = "<group>"; };
		A6B264EF1BD49FBB00FC4D08 /* main.m */ = {isa = PBXFileReference; lastKnownFileType = sourcecode.c.objc; path = main.m; sourceTree = "<group>"; };
		A6B264FA1BD49FBB00FC4D08 /* Images.xcassets */ = {isa = PBXFileReference; lastKnownFileType = folder.assetcatalog; path = Images.xcassets; sourceTree = "<group>"; };
		A6B264FD1BD49FBB00FC4D08 /* Base */ = {isa = PBXFileReference; lastKnownFileType = file.xib; name = Base; path = Base.lproj/LaunchScreen.xib; sourceTree = "<group>"; };
		A6B265141BD4A17D00FC4D08 /* AppDelegate.h */ = {isa = PBXFileReference; fileEncoding = 4; lastKnownFileType = sourcecode.c.h; path = AppDelegate.h; sourceTree = "<group>"; };
		A6B265151BD4A17D00FC4D08 /* AppDelegate.m */ = {isa = PBXFileReference; fileEncoding = 4; lastKnownFileType = sourcecode.c.objc; path = AppDelegate.m; sourceTree = "<group>"; };
		A6B265161BD4A17D00FC4D08 /* BootLogic.h */ = {isa = PBXFileReference; fileEncoding = 4; lastKnownFileType = sourcecode.c.h; path = BootLogic.h; sourceTree = "<group>"; };
		A6B265171BD4A17D00FC4D08 /* BootLogic.m */ = {isa = PBXFileReference; fileEncoding = 4; lastKnownFileType = sourcecode.c.objc; path = BootLogic.m; sourceTree = "<group>"; };
		A6B265181BD4A17D00FC4D08 /* ConsoleScreen.h */ = {isa = PBXFileReference; fileEncoding = 4; lastKnownFileType = sourcecode.c.h; path = ConsoleScreen.h; sourceTree = "<group>"; };
		A6B265191BD4A17D00FC4D08 /* ConsoleScreen.m */ = {isa = PBXFileReference; fileEncoding = 4; lastKnownFileType = sourcecode.c.objc; path = ConsoleScreen.m; sourceTree = "<group>"; };
		A6B2651A1BD4A17D00FC4D08 /* MainScreen.h */ = {isa = PBXFileReference; fileEncoding = 4; lastKnownFileType = sourcecode.c.h; path = MainScreen.h; sourceTree = "<group>"; };
		A6B2651B1BD4A17D00FC4D08 /* MainScreen.m */ = {isa = PBXFileReference; fileEncoding = 4; lastKnownFileType = sourcecode.c.objc; path = MainScreen.m; sourceTree = "<group>"; };
		A6CA88D81BD87E6C009B36D6 /* DemoFunction.h */ = {isa = PBXFileReference; fileEncoding = 4; lastKnownFileType = sourcecode.c.h; path = DemoFunction.h; sourceTree = "<group>"; };
		A6CA88D91BD87E6C009B36D6 /* DemoFunction.m */ = {isa = PBXFileReference; fileEncoding = 4; lastKnownFileType = sourcecode.c.objc; path = DemoFunction.m; sourceTree = "<group>"; };
		A6CA88E01BD89763009B36D6 /* DemoSelector.h */ = {isa = PBXFileReference; fileEncoding = 4; lastKnownFileType = sourcecode.c.h; path = DemoSelector.h; sourceTree = "<group>"; };
		A6CA88E11BD89763009B36D6 /* DemoSelector.m */ = {isa = PBXFileReference; fileEncoding = 4; lastKnownFileType = sourcecode.c.objc; path = DemoSelector.m; sourceTree = "<group>"; };
		A6CA88E21BD89763009B36D6 /* DemoSelector.xib */ = {isa = PBXFileReference; fileEncoding = 4; lastKnownFileType = file.xib; path = DemoSelector.xib; sourceTree = "<group>"; };
		A6DA99761BF089300006B5A5 /* Stars.h */ = {isa = PBXFileReference; fileEncoding = 4; lastKnownFileType = sourcecode.c.h; path = Stars.h; sourceTree = "<group>"; };
		A6DA99771BF089300006B5A5 /* Stars.m */ = {isa = PBXFileReference; fileEncoding = 4; lastKnownFileType = sourcecode.c.objc; path = Stars.m; sourceTree = "<group>"; };
		A6DA997A1BF08BB20006B5A5 /* brown.png */ = {isa = PBXFileReference; lastKnownFileType = image.png; name = brown.png; path = ../../data/Stars/brown.png; sourceTree = "<group>"; };
		A6DA997B1BF08BB20006B5A5 /* green.png */ = {isa = PBXFileReference; lastKnownFileType = image.png; name = green.png; path = ../../data/Stars/green.png; sourceTree = "<group>"; };
		A6DA997C1BF08BB20006B5A5 /* red.png */ = {isa = PBXFileReference; lastKnownFileType = image.png; name = red.png; path = ../../data/Stars/red.png; sourceTree = "<group>"; };
		A6DA997D1BF08BB20006B5A5 /* violet.png */ = {isa = PBXFileReference; lastKnownFileType = image.png; name = violet.png; path = ../../data/Stars/violet.png; sourceTree = "<group>"; };
		A6DA99821BF0A2F10006B5A5 /* Kiss The Rain.mp3 */ = {isa = PBXFileReference; lastKnownFileType = audio.mp3; path = "Kiss The Rain.mp3"; sourceTree = "<group>"; };
		A6EC87421BF2ED18006CB78D /* Color.h */ = {isa = PBXFileReference; fileEncoding = 4; lastKnownFileType = sourcecode.c.h; path = Color.h; sourceTree = "<group>"; };
		A6EC87431BF2ED18006CB78D /* Color.m */ = {isa = PBXFileReference; fileEncoding = 4; lastKnownFileType = sourcecode.c.objc; path = Color.m; sourceTree = "<group>"; };
		A6EC87481BF304EE006CB78D /* DemoColor2.h */ = {isa = PBXFileReference; fileEncoding = 4; lastKnownFileType = sourcecode.c.h; path = DemoColor2.h; sourceTree = "<group>"; };
		A6EC87491BF304EE006CB78D /* DemoColor2.m */ = {isa = PBXFileReference; fileEncoding = 4; lastKnownFileType = sourcecode.c.objc; path = DemoColor2.m; sourceTree = "<group>"; };
		A6F1FA4A1BEB3C8800ECE69A /* nestedSquares.h */ = {isa = PBXFileReference; fileEncoding = 4; lastKnownFileType = sourcecode.c.h; path = nestedSquares.h; sourceTree = "<group>"; };
		A6F1FA4B1BEB3C8800ECE69A /* nestedSquares.m */ = {isa = PBXFileReference; fileEncoding = 4; lastKnownFileType = sourcecode.c.objc; path = nestedSquares.m; sourceTree = "<group>"; };
/* End PBXFileReference section */

/* Begin PBXFrameworksBuildPhase section */
		A6B264E71BD49FBB00FC4D08 /* Frameworks */ = {
			isa = PBXFrameworksBuildPhase;
			buildActionMask = 2147483647;
			files = (
				A673EC4D1BF056BD008C6676 /* AVFoundation.framework in Frameworks */,
			);
			runOnlyForDeploymentPostprocessing = 0;
		};
/* End PBXFrameworksBuildPhase section */

/* Begin PBXGroup section */
		A65335C11BF1A22F00ECFCE3 /* HexColor */ = {
			isa = PBXGroup;
			children = (
				A659F0741BF1FD24008FA75B /* DemoColor.h */,
				A659F0751BF1FD24008FA75B /* DemoColor.m */,
				A659F07A1BF1FF7F008FA75B /* UIColor+HexColor.h */,
				A659F07B1BF1FF7F008FA75B /* UIColor+HexColor.m */,
				A6EC87421BF2ED18006CB78D /* Color.h */,
				A6EC87431BF2ED18006CB78D /* Color.m */,
				A6EC87481BF304EE006CB78D /* DemoColor2.h */,
				A6EC87491BF304EE006CB78D /* DemoColor2.m */,
			);
			name = HexColor;
			sourceTree = "<group>";
		};
		A661B2A31BEC6AAF00D38C2A /* BirdFly */ = {
			isa = PBXGroup;
			children = (
				A661B2A61BEC6AF100D38C2A /* bird0.png */,
				A661B2A71BEC6AF100D38C2A /* bird1.png */,
				A661B2A81BEC6AF100D38C2A /* bird2.png */,
				A661B2A91BEC6AF100D38C2A /* bird3.png */,
				A661B2AA1BEC6AF100D38C2A /* bird4.png */,
				A661B2AB1BEC6AF100D38C2A /* bird5.png */,
				A661B2AC1BEC6AF100D38C2A /* jungle.jpg */,
			);
			name = BirdFly;
			sourceTree = "<group>";
		};
		A673EC391BF046C0008C6676 /* shipAndSee */ = {
			isa = PBXGroup;
			children = (
				A6DA99821BF0A2F10006B5A5 /* Kiss The Rain.mp3 */,
				A673EC4A1BF04E0A008C6676 /* ship1.png */,
				A673EC421BF04A66008C6676 /* ocean1.png */,
				A673EC431BF04A66008C6676 /* ocean2.png */,
			);
			name = shipAndSee;
			sourceTree = "<group>";
		};
		A68C7AA21BEA121C00E1C399 /* BonFire */ = {
			isa = PBXGroup;
			children = (
				A68C7AA31BEA124A00E1C399 /* campfire01.png */,
				A68C7AA41BEA124A00E1C399 /* campfire02.png */,
				A68C7AA51BEA124A00E1C399 /* campfire03.png */,
				A68C7AA61BEA124A00E1C399 /* campfire04.png */,
				A68C7AA71BEA124A00E1C399 /* campfire05.png */,
				A68C7AA81BEA124A00E1C399 /* campfire06.png */,
				A68C7AA91BEA124A00E1C399 /* campfire07.png */,
				A68C7AAA1BEA124A00E1C399 /* campfire08.png */,
				A68C7AAB1BEA124A00E1C399 /* campfire09.png */,
				A68C7AAC1BEA124A00E1C399 /* campfire10.png */,
				A68C7AAD1BEA124A00E1C399 /* campfire11.png */,
				A68C7AAE1BEA124A00E1C399 /* campfire12.png */,
				A68C7AAF1BEA124A00E1C399 /* campfire13.png */,
				A68C7AB01BEA124A00E1C399 /* campfire14.png */,
				A68C7AB11BEA124A00E1C399 /* campfire15.png */,
				A68C7AB21BEA124A00E1C399 /* campfire16.png */,
			);
			name = BonFire;
			sourceTree = "<group>";
		};
		A6A3CAA61BE86C5F007C5BD6 /* SwiftToObjC */ = {
			isa = PBXGroup;
			children = (
				A6A3CAB31BE86FCA007C5BD6 /* SwiftToObjC.h */,
				A6A3CAB81BE87024007C5BD6 /* SwiftToObjC.xib */,
				A6A3CAB41BE86FCA007C5BD6 /* SwiftToObjC.m */,
				A6171A5F1BE8A9530044F5A9 /* ChessView.h */,
				A6171A601BE8A9530044F5A9 /* ChessView.m */,
			);
			name = SwiftToObjC;
			sourceTree = "<group>";
		};
		A6B1B46E1BFD795400B82CE3 /* UIScrollView */ = {
			isa = PBXGroup;
			children = (
				A6B1B4781BFD80DA00B82CE3 /* millennium_puzzle.png */,
				A6B1B4751BFD7D8000B82CE3 /* DemoUIScrollView.h */,
				A6B1B4761BFD7D8000B82CE3 /* DemoUIScrollView.m */,
			);
			name = UIScrollView;
			sourceTree = "<group>";
		};
		A6B264E11BD49FBA00FC4D08 = {
			isa = PBXGroup;
			children = (
				A673EC4C1BF056BD008C6676 /* AVFoundation.framework */,
				A6B264EC1BD49FBB00FC4D08 /* ObjCExamples */,
				A6B264EB1BD49FBB00FC4D08 /* Products */,
			);
			sourceTree = "<group>";
		};
		A6B264EB1BD49FBB00FC4D08 /* Products */ = {
			isa = PBXGroup;
			children = (
				A6B264EA1BD49FBB00FC4D08 /* ObjCExamples.app */,
			);
			name = Products;
			sourceTree = "<group>";
		};
		A6B264EC1BD49FBB00FC4D08 /* ObjCExamples */ = {
			isa = PBXGroup;
			children = (
				A6B1B46E1BFD795400B82CE3 /* UIScrollView */,
				A65335C11BF1A22F00ECFCE3 /* HexColor */,
				A6DA99791BF08B7F0006B5A5 /* Stars */,
				A673EC391BF046C0008C6676 /* shipAndSee */,
				A661B2A31BEC6AAF00D38C2A /* BirdFly */,
				A6F1FA491BEB3A9000ECE69A /* UIView */,
				A68C7AA21BEA121C00E1C399 /* BonFire */,
				A6A3CAA61BE86C5F007C5BD6 /* SwiftToObjC */,
				A6B265131BD4A0E000FC4D08 /* Core */,
				A6B264FA1BD49FBB00FC4D08 /* Images.xcassets */,
				A6B264FC1BD49FBB00FC4D08 /* LaunchScreen.xib */,
				A6CA88D71BD87DEC009B36D6 /* Basic */,
			);
			path = ObjCExamples;
			sourceTree = "<group>";
		};
		A6B264ED1BD49FBB00FC4D08 /* Supporting Files */ = {
			isa = PBXGroup;
			children = (
				A6B264EE1BD49FBB00FC4D08 /* Info.plist */,
				A6B264EF1BD49FBB00FC4D08 /* main.m */,
			);
			name = "Supporting Files";
			sourceTree = "<group>";
		};
		A6B265131BD4A0E000FC4D08 /* Core */ = {
			isa = PBXGroup;
			children = (
				A6B265141BD4A17D00FC4D08 /* AppDelegate.h */,
				A6B265151BD4A17D00FC4D08 /* AppDelegate.m */,
				A6B265161BD4A17D00FC4D08 /* BootLogic.h */,
				A6B265171BD4A17D00FC4D08 /* BootLogic.m */,
				A6B265181BD4A17D00FC4D08 /* ConsoleScreen.h */,
				A6B265191BD4A17D00FC4D08 /* ConsoleScreen.m */,
				A6B2651A1BD4A17D00FC4D08 /* MainScreen.h */,
				A6B2651B1BD4A17D00FC4D08 /* MainScreen.m */,
			);
			name = Core;
			sourceTree = "<group>";
		};
		A6CA88D71BD87DEC009B36D6 /* Basic */ = {
			isa = PBXGroup;
			children = (
				A6CA88D81BD87E6C009B36D6 /* DemoFunction.h */,
				A6CA88D91BD87E6C009B36D6 /* DemoFunction.m */,
				A6CA88E01BD89763009B36D6 /* DemoSelector.h */,
				A6CA88E11BD89763009B36D6 /* DemoSelector.m */,
				A6CA88E21BD89763009B36D6 /* DemoSelector.xib */,
				A66379C31BD8D16F009E1BDC /* CvsObjCFunction.h */,
				A66379C41BD8D16F009E1BDC /* CvsObjCFunction.m */,
				A66379C61BD8D37C009E1BDC /* util.c */,
				A66379C71BD8D37C009E1BDC /* util.h */,
				A66379C91BD8D83C009E1BDC /* UntilObject.h */,
				A66379CA1BD8D83C009E1BDC /* UntilObject.m */,
				A6B264ED1BD49FBB00FC4D08 /* Supporting Files */,
			);
			name = Basic;
			sourceTree = "<group>";
		};
		A6DA99791BF08B7F0006B5A5 /* Stars */ = {
			isa = PBXGroup;
			children = (
				A6DA997A1BF08BB20006B5A5 /* brown.png */,
				A6DA997B1BF08BB20006B5A5 /* green.png */,
				A6DA997C1BF08BB20006B5A5 /* red.png */,
				A6DA997D1BF08BB20006B5A5 /* violet.png */,
			);
			name = Stars;
			sourceTree = "<group>";
		};
		A6F1FA491BEB3A9000ECE69A /* UIView */ = {
			isa = PBXGroup;
			children = (
				A67C78BA1BF4975D00CA18F2 /* earth.png */,
				A67C78BB1BF4975D00CA18F2 /* moon.png */,
				A67C78B31BF48D3600CA18F2 /* galaxy.png */,
				A67C78B51BF48D3600CA18F2 /* Sun.png */,
				A6550B401BF34E6200CBA761 /* ball.png */,
				A68C7A9F1BEA05BF00E1C399 /* DemoUIImageView.h */,
				A68C7AA01BEA05BF00E1C399 /* DemoUIImageView.m */,
				A6F1FA4A1BEB3C8800ECE69A /* nestedSquares.h */,
				A6F1FA4B1BEB3C8800ECE69A /* nestedSquares.m */,
				A661B2A01BEC5B2900D38C2A /* flyUpAndDown.h */,
				A661B2A11BEC5B2900D38C2A /* flyUpAndDown.m */,
				A673EC361BF04432008C6676 /* SeeAndShip.h */,
				A673EC371BF04432008C6676 /* SeeAndShip.m */,
				A6DA99761BF089300006B5A5 /* Stars.h */,
				A6DA99771BF089300006B5A5 /* Stars.m */,
				A6550B3D1BF3435E00CBA761 /* RollingBall.h */,
				A6550B3E1BF3435E00CBA761 /* RollingBall.m */,
				A67C78AF1BF48D0100CA18F2 /* Galaxy.h */,
				A67C78B01BF48D0100CA18F2 /* Galaxy.m */,
				A6925E6B1BF58AC40078D9E9 /* dropBall.h */,
				A6925E6C1BF58AC40078D9E9 /* dropBall.m */,
			);
			name = UIView;
			sourceTree = "<group>";
		};
/* End PBXGroup section */

/* Begin PBXNativeTarget section */
		A6B264E91BD49FBB00FC4D08 /* ObjCExamples */ = {
			isa = PBXNativeTarget;
			buildConfigurationList = A6B2650D1BD49FBB00FC4D08 /* Build configuration list for PBXNativeTarget "ObjCExamples" */;
			buildPhases = (
				A6B264E61BD49FBB00FC4D08 /* Sources */,
				A6B264E71BD49FBB00FC4D08 /* Frameworks */,
				A6B264E81BD49FBB00FC4D08 /* Resources */,
			);
			buildRules = (
			);
			dependencies = (
			);
			name = ObjCExamples;
			productName = ObjCExamples;
			productReference = A6B264EA1BD49FBB00FC4D08 /* ObjCExamples.app */;
			productType = "com.apple.product-type.application";
		};
/* End PBXNativeTarget section */

/* Begin PBXProject section */
		A6B264E21BD49FBA00FC4D08 /* Project object */ = {
			isa = PBXProject;
			attributes = {
				LastUpgradeCheck = 0700;
				ORGANIZATIONNAME = HoangNgocTung;
				TargetAttributes = {
					A6B264E91BD49FBB00FC4D08 = {
						CreatedOnToolsVersion = 6.4;
						DevelopmentTeam = 2RP57DKKG9;
					};
				};
			};
			buildConfigurationList = A6B264E51BD49FBA00FC4D08 /* Build configuration list for PBXProject "ObjCExamples" */;
			compatibilityVersion = "Xcode 3.2";
			developmentRegion = English;
			hasScannedForEncodings = 0;
			knownRegions = (
				en,
				Base,
			);
			mainGroup = A6B264E11BD49FBA00FC4D08;
			productRefGroup = A6B264EB1BD49FBB00FC4D08 /* Products */;
			projectDirPath = "";
			projectRoot = "";
			targets = (
				A6B264E91BD49FBB00FC4D08 /* ObjCExamples */,
			);
		};
/* End PBXProject section */

/* Begin PBXResourcesBuildPhase section */
		A6B264E81BD49FBB00FC4D08 /* Resources */ = {
			isa = PBXResourcesBuildPhase;
			buildActionMask = 2147483647;
			files = (
				A67C78B91BF48D3600CA18F2 /* Sun.png in Resources */,
				A661B2AF1BEC6AF100D38C2A /* bird2.png in Resources */,
				A673EC4B1BF04E0A008C6676 /* ship1.png in Resources */,
				A6550B411BF34E6200CBA761 /* ball.png in Resources */,
				A68C7ABA1BEA124A00E1C399 /* campfire08.png in Resources */,
				A68C7AB41BEA124A00E1C399 /* campfire02.png in Resources */,
				A6DA997E1BF08BB20006B5A5 /* brown.png in Resources */,
				A6B264FE1BD49FBB00FC4D08 /* LaunchScreen.xib in Resources */,
				A68C7AC21BEA124A00E1C399 /* campfire16.png in Resources */,
				A6DA99831BF0A2F10006B5A5 /* Kiss The Rain.mp3 in Resources */,
				A6CA88E41BD89763009B36D6 /* DemoSelector.xib in Resources */,
				A68C7ABF1BEA124A00E1C399 /* campfire13.png in Resources */,
				A661B2AE1BEC6AF100D38C2A /* bird1.png in Resources */,
				A661B2B01BEC6AF100D38C2A /* bird3.png in Resources */,
				A6DA997F1BF08BB20006B5A5 /* green.png in Resources */,
				A661B2B31BEC6AF100D38C2A /* jungle.jpg in Resources */,
				A661B2B11BEC6AF100D38C2A /* bird4.png in Resources */,
				A68C7AC11BEA124A00E1C399 /* campfire15.png in Resources */,
				A673EC441BF04A66008C6676 /* ocean1.png in Resources */,
				A68C7AB71BEA124A00E1C399 /* campfire05.png in Resources */,
				A6B264FB1BD49FBB00FC4D08 /* Images.xcassets in Resources */,
				A68C7AB61BEA124A00E1C399 /* campfire04.png in Resources */,
				A68C7AB31BEA124A00E1C399 /* campfire01.png in Resources */,
				A6DA99801BF08BB20006B5A5 /* red.png in Resources */,
				A6B1B4791BFD80DA00B82CE3 /* millennium_puzzle.png in Resources */,
				A68C7ABD1BEA124A00E1C399 /* campfire11.png in Resources */,
				A68C7AB91BEA124A00E1C399 /* campfire07.png in Resources */,
				A68C7AC01BEA124A00E1C399 /* campfire14.png in Resources */,
				A661B2AD1BEC6AF100D38C2A /* bird0.png in Resources */,
				A68C7AB51BEA124A00E1C399 /* campfire03.png in Resources */,
				A673EC451BF04A66008C6676 /* ocean2.png in Resources */,
				A661B2B21BEC6AF100D38C2A /* bird5.png in Resources */,
				A68C7ABE1BEA124A00E1C399 /* campfire12.png in Resources */,
				A67C78BC1BF4975D00CA18F2 /* earth.png in Resources */,
				A68C7AB81BEA124A00E1C399 /* campfire06.png in Resources */,
				A68C7ABC1BEA124A00E1C399 /* campfire10.png in Resources */,
				A6DA99811BF08BB20006B5A5 /* violet.png in Resources */,
				A67C78BD1BF4975D00CA18F2 /* moon.png in Resources */,
				A6A3CAB91BE87024007C5BD6 /* SwiftToObjC.xib in Resources */,
				A68C7ABB1BEA124A00E1C399 /* campfire09.png in Resources */,
				A67C78B71BF48D3600CA18F2 /* galaxy.png in Resources */,
			);
			runOnlyForDeploymentPostprocessing = 0;
		};
/* End PBXResourcesBuildPhase section */

/* Begin PBXSourcesBuildPhase section */
		A6B264E61BD49FBB00FC4D08 /* Sources */ = {
			isa = PBXSourcesBuildPhase;
			buildActionMask = 2147483647;
			files = (
				A6B2651D1BD4A17D00FC4D08 /* BootLogic.m in Sources */,
				A6EC874A1BF304EE006CB78D /* DemoColor2.m in Sources */,
				A659F0761BF1FD24008FA75B /* DemoColor.m in Sources */,
				A6B2651F1BD4A17D00FC4D08 /* MainScreen.m in Sources */,
				A67C78B11BF48D0100CA18F2 /* Galaxy.m in Sources */,
				A659F07C1BF1FF7F008FA75B /* UIColor+HexColor.m in Sources */,
				A6B2651E1BD4A17D00FC4D08 /* ConsoleScreen.m in Sources */,
				A6B1B4771BFD7D8000B82CE3 /* DemoUIScrollView.m in Sources */,
				A6F1FA4C1BEB3C8800ECE69A /* nestedSquares.m in Sources */,
				A6171A611BE8A9530044F5A9 /* ChessView.m in Sources */,
				A68C7AA11BEA05BF00E1C399 /* DemoUIImageView.m in Sources */,
				A66379CB1BD8D83C009E1BDC /* UntilObject.m in Sources */,
				A6550B3F1BF3435E00CBA761 /* RollingBall.m in Sources */,
				A6B2651C1BD4A17D00FC4D08 /* AppDelegate.m in Sources */,
				A6925E6D1BF58AC40078D9E9 /* dropBall.m in Sources */,
				A66379C51BD8D16F009E1BDC /* CvsObjCFunction.m in Sources */,
				A661B2A21BEC5B2900D38C2A /* flyUpAndDown.m in Sources */,
				A6DA99781BF089300006B5A5 /* Stars.m in Sources */,
				A6A3CAB61BE86FCA007C5BD6 /* SwiftToObjC.m in Sources */,
				A673EC381BF04432008C6676 /* SeeAndShip.m in Sources */,
				A6CA88DA1BD87E6C009B36D6 /* DemoFunction.m in Sources */,
				A6CA88E31BD89763009B36D6 /* DemoSelector.m in Sources */,
				A6EC87441BF2ED18006CB78D /* Color.m in Sources */,
				A6B264F01BD49FBB00FC4D08 /* main.m in Sources */,
				A66379C81BD8D37C009E1BDC /* util.c in Sources */,
			);
			runOnlyForDeploymentPostprocessing = 0;
		};
/* End PBXSourcesBuildPhase section */

/* Begin PBXVariantGroup section */
		A6B264FC1BD49FBB00FC4D08 /* LaunchScreen.xib */ = {
			isa = PBXVariantGroup;
			children = (
				A6B264FD1BD49FBB00FC4D08 /* Base */,
			);
			name = LaunchScreen.xib;
			sourceTree = "<group>";
		};
/* End PBXVariantGroup section */

/* Begin XCBuildConfiguration section */
		A6B2650B1BD49FBB00FC4D08 /* Debug */ = {
			isa = XCBuildConfiguration;
			buildSettings = {
				ALWAYS_SEARCH_USER_PATHS = NO;
				CLANG_CXX_LANGUAGE_STANDARD = "gnu++0x";
				CLANG_CXX_LIBRARY = "libc++";
				CLANG_ENABLE_MODULES = YES;
				CLANG_ENABLE_OBJC_ARC = YES;
				CLANG_WARN_BOOL_CONVERSION = YES;
				CLANG_WARN_CONSTANT_CONVERSION = YES;
				CLANG_WARN_DIRECT_OBJC_ISA_USAGE = YES_ERROR;
				CLANG_WARN_EMPTY_BODY = YES;
				CLANG_WARN_ENUM_CONVERSION = YES;
				CLANG_WARN_INT_CONVERSION = YES;
				CLANG_WARN_OBJC_ROOT_CLASS = YES_ERROR;
				CLANG_WARN_UNREACHABLE_CODE = YES;
				CLANG_WARN__DUPLICATE_METHOD_MATCH = YES;
				"CODE_SIGN_IDENTITY[sdk=iphoneos*]" = "iPhone Developer";
				COPY_PHASE_STRIP = NO;
				DEBUG_INFORMATION_FORMAT = "dwarf-with-dsym";
				ENABLE_STRICT_OBJC_MSGSEND = YES;
				ENABLE_TESTABILITY = YES;
				GCC_C_LANGUAGE_STANDARD = gnu99;
				GCC_DYNAMIC_NO_PIC = NO;
				GCC_NO_COMMON_BLOCKS = YES;
				GCC_OPTIMIZATION_LEVEL = 0;
				GCC_PREPROCESSOR_DEFINITIONS = (
					"DEBUG=1",
					"$(inherited)",
				);
				GCC_SYMBOLS_PRIVATE_EXTERN = NO;
				GCC_WARN_64_TO_32_BIT_CONVERSION = YES;
				GCC_WARN_ABOUT_RETURN_TYPE = YES_ERROR;
				GCC_WARN_UNDECLARED_SELECTOR = YES;
				GCC_WARN_UNINITIALIZED_AUTOS = YES_AGGRESSIVE;
				GCC_WARN_UNUSED_FUNCTION = YES;
				GCC_WARN_UNUSED_VARIABLE = YES;
				IPHONEOS_DEPLOYMENT_TARGET = 8.4;
				MTL_ENABLE_DEBUG_INFO = YES;
				ONLY_ACTIVE_ARCH = YES;
				SDKROOT = iphoneos;
			};
			name = Debug;
		};
		A6B2650C1BD49FBB00FC4D08 /* Release */ = {
			isa = XCBuildConfiguration;
			buildSettings = {
				ALWAYS_SEARCH_USER_PATHS = NO;
				CLANG_CXX_LANGUAGE_STANDARD = "gnu++0x";
				CLANG_CXX_LIBRARY = "libc++";
				CLANG_ENABLE_MODULES = YES;
				CLANG_ENABLE_OBJC_ARC = YES;
				CLANG_WARN_BOOL_CONVERSION = YES;
				CLANG_WARN_CONSTANT_CONVERSION = YES;
				CLANG_WARN_DIRECT_OBJC_ISA_USAGE = YES_ERROR;
				CLANG_WARN_EMPTY_BODY = YES;
				CLANG_WARN_ENUM_CONVERSION = YES;
				CLANG_WARN_INT_CONVERSION = YES;
				CLANG_WARN_OBJC_ROOT_CLASS = YES_ERROR;
				CLANG_WARN_UNREACHABLE_CODE = YES;
				CLANG_WARN__DUPLICATE_METHOD_MATCH = YES;
				"CODE_SIGN_IDENTITY[sdk=iphoneos*]" = "iPhone Developer";
				COPY_PHASE_STRIP = NO;
				DEBUG_INFORMATION_FORMAT = "dwarf-with-dsym";
				ENABLE_NS_ASSERTIONS = NO;
				ENABLE_STRICT_OBJC_MSGSEND = YES;
				GCC_C_LANGUAGE_STANDARD = gnu99;
				GCC_NO_COMMON_BLOCKS = YES;
				GCC_WARN_64_TO_32_BIT_CONVERSION = YES;
				GCC_WARN_ABOUT_RETURN_TYPE = YES_ERROR;
				GCC_WARN_UNDECLARED_SELECTOR = YES;
				GCC_WARN_UNINITIALIZED_AUTOS = YES_AGGRESSIVE;
				GCC_WARN_UNUSED_FUNCTION = YES;
				GCC_WARN_UNUSED_VARIABLE = YES;
				IPHONEOS_DEPLOYMENT_TARGET = 8.4;
				MTL_ENABLE_DEBUG_INFO = NO;
				SDKROOT = iphoneos;
				VALIDATE_PRODUCT = YES;
			};
			name = Release;
		};
		A6B2650E1BD49FBB00FC4D08 /* Debug */ = {
			isa = XCBuildConfiguration;
			buildSettings = {
				ASSETCATALOG_COMPILER_APPICON_NAME = AppIcon;
				CODE_SIGN_IDENTITY = "iPhone Developer";
				"CODE_SIGN_IDENTITY[sdk=iphoneos*]" = "iPhone Developer";
				INFOPLIST_FILE = ObjCExamples/Info.plist;
				IPHONEOS_DEPLOYMENT_TARGET = 8.1;
				LD_RUNPATH_SEARCH_PATHS = "$(inherited) @executable_path/Frameworks";
				PRODUCT_BUNDLE_IDENTIFIER = "HNT.$(PRODUCT_NAME:rfc1034identifier)";
				PRODUCT_NAME = "$(TARGET_NAME)";
				PROVISIONING_PROFILE = "";
			};
			name = Debug;
		};
		A6B2650F1BD49FBB00FC4D08 /* Release */ = {
			isa = XCBuildConfiguration;
			buildSettings = {
				ASSETCATALOG_COMPILER_APPICON_NAME = AppIcon;
				CODE_SIGN_IDENTITY = "iPhone Developer";
				"CODE_SIGN_IDENTITY[sdk=iphoneos*]" = "iPhone Developer";
				INFOPLIST_FILE = ObjCExamples/Info.plist;
				IPHONEOS_DEPLOYMENT_TARGET = 8.1;
				LD_RUNPATH_SEARCH_PATHS = "$(inherited) @executable_path/Frameworks";
				PRODUCT_BUNDLE_IDENTIFIER = "HNT.$(PRODUCT_NAME:rfc1034identifier)";
				PRODUCT_NAME = "$(TARGET_NAME)";
				PROVISIONING_PROFILE = "";
			};
			name = Release;
		};
/* End XCBuildConfiguration section */

/* Begin XCConfigurationList section */
		A6B264E51BD49FBA00FC4D08 /* Build configuration list for PBXProject "ObjCExamples" */ = {
			isa = XCConfigurationList;
			buildConfigurations = (
				A6B2650B1BD49FBB00FC4D08 /* Debug */,
				A6B2650C1BD49FBB00FC4D08 /* Release */,
			);
			defaultConfigurationIsVisible = 0;
			defaultConfigurationName = Release;
		};
		A6B2650D1BD49FBB00FC4D08 /* Build configuration list for PBXNativeTarget "ObjCExamples" */ = {
			isa = XCConfigurationList;
			buildConfigurations = (
				A6B2650E1BD49FBB00FC4D08 /* Debug */,
				A6B2650F1BD49FBB00FC4D08 /* Release */,
			);
			defaultConfigurationIsVisible = 0;
			defaultConfigurationName = Release;
		};
/* End XCConfigurationList section */
	};
	rootObject = A6B264E21BD49FBA00FC4D08 /* Project object */;
}
